Microsoft Visual Studio Solution File, Format Version 12.00
# Visual Studio Version 17
VisualStudioVersion = 17.5.2.0
MinimumVisualStudioVersion = 10.0.40219.1
Project("{FAE04EC0-301F-11D3-BF4B-00C04F79EFBC}") = "CustomsBot", "CustomsBot.csproj", "{12AFF282-B305-92E8-558C-63CDC4D57298}"
EndProject
Global
	GlobalSection(SolutionConfigurationPlatforms) = preSolution
		Debug|Any CPU = Debug|Any CPU
		Release|Any CPU = Release|Any CPU
	EndGlobalSection
	GlobalSection(ProjectConfigurationPlatforms) = postSolution
		{12AFF282-B305-92E8-558C-63CDC4D57298}.Debug|Any CPU.ActiveCfg = Debug|Any CPU
		{12AFF282-B305-92E8-558C-63CDC4D57298}.Debug|Any CPU.Build.0 = Debug|Any CPU
		{12AFF282-B305-92E8-558C-63CDC4D57298}.Release|Any CPU.ActiveCfg = Release|Any CPU
		{12AFF282-B305-92E8-558C-63CDC4D57298}.Release|Any CPU.Build.0 = Release|Any CPU
	EndGlobalSection
	GlobalSection(SolutionProperties) = preSolution
		HideSolutionNode = FALSE
	EndGlobalSection
	GlobalSection(ExtensibilityGlobals) = postSolution
		SolutionGuid = {26C8B9AD-65E7-4C11-8BC3-887C546981AE}
	EndGlobalSection
EndGlobal
